{
  "name": "a-store",
  "version": "0.1.0",
  "lockfileVersion": 3,
  "requires": true,
  "packages": {
    "": {
      "name": "a-store",
      "version": "0.1.0",
      "dependencies": {
        "@alfalab/core-components": "38.2.0",
        "@testing-library/jest-dom": "^5.16.5",
        "@testing-library/react": "^13.4.0",
        "@testing-library/user-event": "^13.5.0",
        "@types/jest": "^27.5.2",
        "@types/node": "^16.18.11",
        "@types/react": "^18.0.27",
        "@types/react-dom": "^18.0.10",
        "axios": "^1.3.2",
        "classnames": "^2.3.2",
        "eslint": "8.22.0",
        "history": "^5.3.0",
        "json-loader": "^0.5.7",
        "node-sass": "7.0.3",
        "react": "^18.2.0",
        "react-dom": "^18.2.0",
        "react-router-dom": "^6.8.0",
        "react-scripts": "5.0.1",
        "sort-by": "^1.2.0",
        "typescript": "^4.9.5",
        "web-vitals": "^2.1.4"
      },
      "devDependencies": {
        "jest": "^29.4.2"
      }
    },
    "node_modules/@adobe/css-tools": {
      "version": "4.1.0",
      "resolved": "https://registry.npmjs.org/@adobe/css-tools/-/css-tools-4.1.0.tgz",
      "integrity": "sha512-mMVJ/j/GbZ/De4ZHWbQAQO1J6iVnjtZLc9WEdkUQb8S/Bu2cAF2bETXUgMAdvMG3/ngtKmcNBe+Zms9bg6jnQQ=="
    },
    "node_modules/@alfalab/core-components": {
      "version": "38.2.0",
      "resolved": "https://registry.npmjs.org/@alfalab/core-components/-/core-components-38.2.0.tgz",
      "integrity": "sha512-aXpN0/zMrqAdlQo3ENlrhrDfVhRBBSlXSpmKaB1PT6VBWnjSeJZQNIbjPNj8WkRbOVrUQUWBI+DMtXhvrILVLA==",
      "hasInstallScript": true,
      "dependencies": {
        "@alfalab/data": "^1.4.2",
        "@alfalab/hooks": "^1.13.0",
        "@alfalab/icons-classic": "^2.3.0",
        "@alfalab/icons-flag": "^2.2.0",
        "@alfalab/icons-glyph": "^2.89.0",
        "@alfalab/icons-logotype": "^2.19.0",
        "@alfalab/utils": "^1.13.3",
        "@juggle/resize-observer": "^3.3.1",
        "@popperjs/core": "^2.3.3",
        "classnames": "^2.3.1",
        "compute-scroll-into-view": "^1.0.20",
        "date-fns": "^2.16.1",
        "downshift": "^5.4.7",
        "element-closest": "^3.0.2",
        "intersection-observer": "^0.12.0",
        "libphonenumber-js": "^1.10.7",
        "lodash.debounce": "^4.0.8",
        "nouislider": "^15.6.0",
        "popper-max-size-modifier": "^0.2.0",
        "react-canvas-pattern-lock": "^1.0.2",
        "react-div-100vh": "^0.7.0",
        "react-focus-lock": "^2.9.3",
        "react-merge-refs": "^1.1.0",
        "react-popper": "^2.3.0",
        "react-swipeable": "^5.5.1",
        "react-textarea-autosize": "^8.3.4",
        "react-transition-group": "^4.4.5",
        "react-virtual": "^2.3.2",
        "react-virtuoso": "^2.12.0",
        "recharts": "^2.1.2",
        "simplebar": "^5.3.8",
        "swiper": "^6.8.2",
        "text-mask-core": "^5.1.2",
        "ui-primitives": "^10.9.0"
      },
      "peerDependencies": {
        "react": "^16.9.0 || ^17.0.1 || ^18.0.0",
        "react-dom": "^16.9.0 || ^17.0.1 || ^18.0.0"
      }
    },
    "node_modules/@alfalab/core-components/node_modules/@alfalab/icons-classic": {
      "version": "2.3.0",
      "resolved": "https://registry.npmjs.org/@alfalab/icons-classic/-/icons-classic-2.3.0.tgz",
      "integrity": "sha512-Tmdb9+XllXr84hqd0KQKOQLaE/7cx2Mj04QG9Y+7QwzYDp7sPbO7FjVfI4pfbxqE2KlhrggYKK/cYmiO1k59EQ==",
      "peerDependencies": {
        "react": "^16.13.0 || ^17.0.1",
        "react-dom": "^16.13.0 || ^17.0.1"
      }
    },
    "node_modules/@alfalab/core-components/node_modules/@alfalab/icons-flag": {
      "version": "2.2.0",
      "resolved": "https://registry.npmjs.org/@alfalab/icons-flag/-/icons-flag-2.2.0.tgz",
      "integrity": "sha512-egEds3VBNhTaJC/whIAPTUT19nMDuDXWNCQ0e5VjD8m7qbSvppowFoTIaKWv33FzmodaqgrEEoMJJtUbs7DP5g==",
      "peerDependencies": {
        "react": "^16.13.0 || ^17.0.1",
        "react-dom": "^16.13.0 || ^17.0.1"
      }
    },
    "node_modules/@alfalab/core-components/node_modules/@alfalab/icons-glyph": {
      "version": "2.97.0",
      "resolved": "https://registry.npmjs.org/@alfalab/icons-glyph/-/icons-glyph-2.97.0.tgz",
      "integrity": "sha512-XVLIDVICSxz4blyCPBtWVaJToGD2CBEN4mQpo7fiAQUEVGTXQD0rlAcJHTUpN7z9CZUtOXhNKnWtd/ICL+ggTw==",
      "peerDependencies": {
        "react": "^16.13.0 || ^17.0.1",
        "react-dom": "^16.13.0 || ^17.0.1"
      }
    },
    "node_modules/@alfalab/core-components/node_modules/@alfalab/icons-logotype": {
      "version": "2.21.0",
      "resolved": "https://registry.npmjs.org/@alfalab/icons-logotype/-/icons-logotype-2.21.0.tgz",
      "integrity": "sha512-USccRuv+P37pya/S5/vT+tLSWru6gTwlywuJ654KC0lgjBOVfM527QhBNv6/QrvBUAHDWgbwBJqnioQVvKvVfQ==",
      "peerDependencies": {
        "react": "^16.13.0 || ^17.0.1",
        "react-dom": "^16.13.0 || ^17.0.1"
      }
    },
    "node_modules/@alfalab/core-components/node_modules/react-swipeable": {
      "version": "5.5.1",
      "resolved": "https://registry.npmjs.org/react-swipeable/-/react-swipeable-5.5.1.tgz",
      "integrity": "sha512-EQObuU3Qg3JdX3WxOn5reZvOSCpU4fwpUAs+NlXSN3y+qtsO2r8VGkVnOQzmByt3BSYj9EWYdUOUfi7vaMdZZw==",
      "dependencies": {
        "prop-types": "^15.6.2"
      },
      "peerDependencies": {
        "react": "^16.0.0-0"
      }
    },
    "node_modules/@alfalab/core-components/node_modules/react-virtual": {
      "version": "2.10.4",
      "resolved": "https://registry.npmjs.org/react-virtual/-/react-virtual-2.10.4.tgz",
      "integrity": "sha512-Ir6+oPQZTVHfa6+JL9M7cvMILstFZH/H3jqeYeKI4MSUX+rIruVwFC6nGVXw9wqAw8L0Kg2KvfXxI85OvYQdpQ==",
      "funding": [
        "https://github.com/sponsors/tannerlinsley"
      ],
      "dependencies": {
        "@reach/observe-rect": "^1.1.0"
      },
      "peerDependencies": {
        "react": "^16.6.3 || ^17.0.0"
      }
    },
    "node_modules/@alfalab/data": {
      "version": "1.4.2",
      "resolved": "https://registry.npmjs.org/@alfalab/data/-/data-1.4.2.tgz",
      "integrity": "sha512-+MqVDEFM/bcl4hgL3uoXGcN0w8Nb9SJ8zeJVF8SzZVEtJHhrYMR/DRHul5OkeatZB2LLt6YfLwX4aoWRChdomg=="
    },
    "node_modules/@alfalab/hooks": {
      "version": "1.13.0",
      "resolved": "https://registry.npmjs.org/@alfalab/hooks/-/hooks-1.13.0.tgz",
      "integrity": "sha512-kAArulLn2plNLZwJIA20KByJq6b/410v7AZp7+X7MMY63oUKKByKhUijIAaFDidKkjV6PBY/aCFzL2fpNLenlQ==",
      "dependencies": {
        "@alfalab/utils": "^1.13.2",
        "uuid": "^8.3.2"
      },
      "peerDependencies": {
        "react": ">=16.14.0 || >= 17.0.2 || >= 18.0.0"
      }
    },
    "node_modules/@alfalab/utils": {
      "version": "1.13.3",
      "resolved": "https://registry.npmjs.org/@alfalab/utils/-/utils-1.13.3.tgz",
      "integrity": "sha512-pg5e3kVM8EUZc2VLQX6zblk5JEsBbdvqwL4wamZpgbDxL2BNpviqXsVOMKqxIe4G9ptFyFnVZVNX2UV22DYPUA==",
      "dependencies": {
        "@alfalab/data": "^1.4.2",
        "lodash": "4.17.21"
      }
    },
    "node_modules/@ampproject/remapping": {
      "version": "2.2.0",
      "resolved": "https://registry.npmjs.org/@ampproject/remapping/-/remapping-2.2.0.tgz",
      "integrity": "sha512-qRmjj8nj9qmLTQXXmaR1cck3UXSRMPrbsLJAasZpF+t3riI71BXed5ebIOYwQntykeZuhjsdweEc9BxH5Jc26w==",
      "dependencies": {
        "@jridgewell/gen-mapping": "^0.1.0",
        "@jridgewell/trace-mapping": "^0.3.9"
      },
      "engines": {
        "node": ">=6.0.0"
      }
    },
    "node_modules/@babel/code-frame": {
      "version": "7.18.6",
      "resolved": "https://registry.npmjs.org/@babel/code-frame/-/code-frame-7.18.6.tgz",
      "integrity": "sha512-TDCmlK5eOvH+eH7cdAFlNXeVJqWIQ7gW9tY1GJIpUtFb6CmjVyq2VM3u71bOyR8CRihcCgMUYoDNyLXao3+70Q==",
      "dependencies": {
        "@babel/highlight": "^7.18.6"
      },
      "engines": {
        "node": ">=6.9.0"
      }
    },
    "node_modules/@babel/compat-data": {
      "version": "7.20.14",
      "resolved": "https://registry.npmjs.org/@babel/compat-data/-/compat-data-7.20.14.tgz",
      "integrity": "sha512-0YpKHD6ImkWMEINCyDAD0HLLUH/lPCefG8ld9it8DJB2wnApraKuhgYTvTY1z7UFIfBTGy5LwncZ+5HWWGbhFw==",
      "engines": {
        "node": ">=6.9.0"
      }
    },
    "node_modules/@babel/core": {
      "version": "7.20.12",
      "resolved": "https://registry.npmjs.org/@babel/core/-/core-7.20.12.tgz",
      "integrity": "sha512-XsMfHovsUYHFMdrIHkZphTN/2Hzzi78R08NuHfDBehym2VsPDL6Zn/JAD/JQdnRvbSsbQc4mVaU1m6JgtTEElg==",
      "dependencies": {
        "@ampproject/remapping": "^2.1.0",
        "@babel/code-frame": "^7.18.6",
        "@babel/generator": "^7.20.7",
        "@babel/helper-compilation-targets": "^7.20.7",
        "@babel/helper-module-transforms": "^7.20.11",
        "@babel/helpers": "^7.20.7",
        "@babel/parser": "^7.20.7",
        "@babel/template": "^7.20.7",
        "@babel/traverse": "^7.20.12",
        "@babel/types": "^7.20.7",
        "convert-source-map": "^1.7.0",
        "debug": "^4.1.0",
        "gensync": "^1.0.0-beta.2",
        "json5": "^2.2.2",
        "semver": "^6.3.0"
      },
      "engines": {
        "node": ">=6.9.0"
      },
      "funding": {
        "type": "opencollective",
        "url": "https://opencollective.com/babel"
      }
    },
    "node_modules/@babel/core/node_modules/semver": {
      "version": "6.3.0",
      "resolved": "https://registry.npmjs.org/semver/-/semver-6.3.0.tgz",
      "integrity": "sha512-b39TBaTSfV6yBrapU89p5fKekE2m/NwnDocOVruQFS1/veMgdzuPcnOM34M6CwxW8jH/lxEa5rBoDeUwu5HHTw==",
      "bin": {
        "semver": "bin/semver.js"
      }
    },
    "node_modules/@babel/eslint-parser": {
      "version": "7.19.1",
      "resolved": "https://registry.npmjs.org/@babel/eslint-parser/-/eslint-parser-7.19.1.tgz",
      "integrity": "sha512-AqNf2QWt1rtu2/1rLswy6CDP7H9Oh3mMhk177Y67Rg8d7RD9WfOLLv8CGn6tisFvS2htm86yIe1yLF6I1UDaGQ==",
      "dependencies": {
        "@nicolo-ribaudo/eslint-scope-5-internals": "5.1.1-v1",
        "eslint-visitor-keys": "^2.1.0",
        "semver": "^6.3.0"
      },
      "engines": {
        "node": "^10.13.0 || ^12.13.0 || >=14.0.0"
      },
      "peerDependencies": {
        "@babel/core": ">=7.11.0",
        "eslint": "^7.5.0 || ^8.0.0"
      }
    },
    "node_modules/@babel/eslint-parser/node_modules/eslint-visitor-keys": {
      "version": "2.1.0",
      "resolved": "https://registry.npmjs.org/eslint-visitor-keys/-/eslint-visitor-keys-2.1.0.tgz",
      "integrity": "sha512-0rSmRBzXgDzIsD6mGdJgevzgezI534Cer5L/vyMX0kHzT/jiB43jRhd9YUlMGYLQy2zprNmoT8qasCGtY+QaKw==",
      "engines": {
        "node": ">=10"
      }
    },
    "node_modules/@babel/eslint-parser/node_modules/semver": {
      "version": "6.3.0",
      "resolved": "https://registry.npmjs.org/semver/-/semver-6.3.0.tgz",
      "integrity": "sha512-b39TBaTSfV6yBrapU89p5fKekE2m/NwnDocOVruQFS1/veMgdzuPcnOM34M6CwxW8jH/lxEa5rBoDeUwu5HHTw==",
      "bin": {
        "semver": "bin/semver.js"
      }
    },
    "node_modules/@babel/generator": {
      "version": "7.20.14",
      "resolved": "https://registry.npmjs.org/@babel/generator/-/generator-7.20.14.tgz",
      "integrity": "sha512-AEmuXHdcD3A52HHXxaTmYlb8q/xMEhoRP67B3T4Oq7lbmSoqroMZzjnGj3+i1io3pdnF8iBYVu4Ilj+c4hBxYg==",
      "dependencies": {
        "@babel/types": "^7.20.7",
        "@jridgewell/gen-mapping": "^0.3.2",
        "jsesc": "^2.5.1"
      },
      "engines": {
        "node": ">=6.9.0"
      }
    },
    "node_modules/@babel/generator/node_modules/@jridgewell/gen-mapping": {
      "version": "0.3.2",
      "resolved": "https://registry.npmjs.org/@jridgewell/gen-mapping/-/gen-mapping-0.3.2.tgz",
      "integrity": "sha512-mh65xKQAzI6iBcFzwv28KVWSmCkdRBWoOh+bYQGW3+6OZvbbN3TqMGo5hqYxQniRcH9F2VZIoJCm4pa3BPDK/A==",
      "dependencies": {
        "@jridgewell/set-array": "^1.0.1",
        "@jridgewell/sourcemap-codec": "^1.4.10",
        "@jridgewell/trace-mapping": "^0.3.9"
      },
      "engines": {
        "node": ">=6.0.0"
      }
    },
    "node_modules/@babel/helper-annotate-as-pure": {
      "version": "7.18.6",
      "resolved": "https://registry.npmjs.org/@babel/helper-annotate-as-pure/-/helper-annotate-as-pure-7.18.6.tgz",
      "integrity": "sha512-duORpUiYrEpzKIop6iNbjnwKLAKnJ47csTyRACyEmWj0QdUrm5aqNJGHSSEQSUAvNW0ojX0dOmK9dZduvkfeXA==",
      "dependencies": {
        "@babel/types": "^7.18.6"
      },
      "engines": {
        "node": ">=6.9.0"
      }
    },
    "node_modules/@babel/helper-builder-binary-assignment-operator-visitor": {
      "version": "7.18.9",
      "resolved": "https://registry.npmjs.org/@babel/helper-builder-binary-assignment-operator-visitor/-/helper-builder-binary-assignment-operator-visitor-7.18.9.tgz",
      "integrity": "sha512-yFQ0YCHoIqarl8BCRwBL8ulYUaZpz3bNsA7oFepAzee+8/+ImtADXNOmO5vJvsPff3qi+hvpkY/NYBTrBQgdNw==",
      "dependencies": {
        "@babel/helper-explode-assignable-expression": "^7.18.6",
        "@babel/types": "^7.18.9"
      },
      "engines": {
        "node": ">=6.9.0"
      }
    },
    "node_modules/@babel/helper-compilation-targets": {
      "version": "7.20.7",
      "resolved": "https://registry.npmjs.org/@babel/helper-compilation-targets/-/helper-compilation-targets-7.20.7.tgz",
      "integrity": "sha512-4tGORmfQcrc+bvrjb5y3dG9Mx1IOZjsHqQVUz7XCNHO+iTmqxWnVg3KRygjGmpRLJGdQSKuvFinbIb0CnZwHAQ==",
      "dependencies": {
        "@babel/compat-data": "^7.20.5",
        "@babel/helper-validator-option": "^7.18.6",
        "browserslist": "^4.21.3",
        "lru-cache": "^5.1.1",
        "semver": "^6.3.0"
      },
      "engines": {
        "node": ">=6.9.0"
      },
      "peerDependencies": {
        "@babel/core": "^7.0.0"
      }
    },
    "node_modules/@babel/helper-compilation-targets/node_modules/semver": {
      "version": "6.3.0",
      "resolved": "https://registry.npmjs.org/semver/-/semver-6.3.0.tgz",
      "integrity": "sha512-b39TBaTSfV6yBrapU89p5fKekE2m/NwnDocOVruQFS1/veMgdzuPcnOM34M6CwxW8jH/lxEa5rBoDeUwu5HHTw==",
      "bin": {
        "semver": "bin/semver.js"
      }
    },
    "node_modules/@babel/helper-create-class-features-plugin": {
      "version": "7.20.12",
      "resolved": "https://registry.npmjs.org/@babel/helper-create-class-features-plugin/-/helper-create-class-features-plugin-7.20.12.tgz",
      "integrity": "sha512-9OunRkbT0JQcednL0UFvbfXpAsUXiGjUk0a7sN8fUXX7Mue79cUSMjHGDRRi/Vz9vYlpIhLV5fMD5dKoMhhsNQ==",
      "dependencies": {
        "@babel/helper-annotate-as-pure": "^7.18.6",
        "@babel/helper-environment-visitor": "^7.18.9",
        "@babel/helper-function-name": "^7.19.0",
        "@babel/helper-member-expression-to-functions": "^7.20.7",
        "@babel/helper-optimise-call-expression": "^7.18.6",
        "@babel/helper-replace-supers": "^7.20.7",
        "@babel/helper-skip-transparent-expression-wrappers": "^7.20.0",
        "@babel/helper-split-export-declaration": "^7.18.6"
      },
      "engines": {
        "node": ">=6.9.0"
      },
      "peerDependencies": {
        "@babel/core": "^7.0.0"
      }
    },
    "node_modules/@babel/helper-create-regexp-features-plugin": {
      "version": "7.20.5",
      "resolved": "https://registry.npmjs.org/@babel/helper-create-regexp-features-plugin/-/helper-create-regexp-features-plugin-7.20.5.tgz",
      "integrity": "sha512-m68B1lkg3XDGX5yCvGO0kPx3v9WIYLnzjKfPcQiwntEQa5ZeRkPmo2X/ISJc8qxWGfwUr+kvZAeEzAwLec2r2w==",
      "dependencies": {
        "@babel/helper-annotate-as-pure": "^7.18.6",
        "regexpu-core": "^5.2.1"
      },
      "engines": {
        "node": ">=6.9.0"
      },
      "peerDependencies": {
        "@babel/core": "^7.0.0"
      }
    },
    "node_modules/@babel/helper-define-polyfill-provider": {
      "version": "0.3.3",
      "resolved": "https://registry.npmjs.org/@babel/helper-define-polyfill-provider/-/helper-define-polyfill-provider-0.3.3.tgz",
      "integrity": "sha512-z5aQKU4IzbqCC1XH0nAqfsFLMVSo22SBKUc0BxGrLkolTdPTructy0ToNnlO2zA4j9Q/7pjMZf0DSY+DSTYzww==",
      "dependencies": {
        "@babel/helper-compilation-targets": "^7.17.7",
        "@babel/helper-plugin-utils": "^7.16.7",
        "debug": "^4.1.1",
        "lodash.debounce": "^4.0.8",
        "resolve": "^1.14.2",
        "semver": "^6.1.2"
      },
      "peerDependencies": {
        "@babel/core": "^7.4.0-0"
      }
    },
    "node_modules/@babel/helper-define-polyfill-provider/node_modules/semver": {
      "version": "6.3.0",
      "resolved": "https://registry.npmjs.org/semver/-/semver-6.3.0.tgz",
      "integrity": "sha512-b39TBaTSfV6yBrapU89p5fKekE2m/NwnDocOVruQFS1/veMgdzuPcnOM34M6CwxW8jH/lxEa5rBoDeUwu5HHTw==",
      "bin": {
        "semver": "bin/semver.js"
      }
    },
    "node_modules/@babel/helper-environment-visitor": {
      "version": "7.18.9",
      "resolved": "https://registry.npmjs.org/@babel/helper-environment-visitor/-/helper-environment-visitor-7.18.9.tgz",
      "integrity": "sha512-3r/aACDJ3fhQ/EVgFy0hpj8oHyHpQc+LPtJoY9SzTThAsStm4Ptegq92vqKoE3vD706ZVFWITnMnxucw+S9Ipg==",
      "engines": {
        "node": ">=6.9.0"
      }
    },
    "node_modules/@babel/helper-explode-assignable-expression": {
      "version": "7.18.6",
      "node_modules/ws": {
        "version": "7.5.9",
        "resolved": "https://registry.npmjs.org/ws/-/ws-7.5.9.tgz",
        "integrity": "sha512-F+P9Jil7UiSKSkppIiD94dN07AwvFixvLIj1Og1Rl9GGMuNipJnV9JzjD6XuqmAeiswGvUmNLjr5cFuXwNS77Q==",
        "engines": {
          "node": ">=8.3.0"
        },
        "peerDependencies": {
          "bufferutil": "^4.0.1",
          "utf-8-validate": "^5.0.2"
        },
        "peerDependenciesMeta": {
          "bufferutil": {
            "optional": true
          },
          "utf-8-validate": {
            "optional": true
          }
        }
      },
      "node_modules/xml-name-validator": {
        "version": "3.0.0",
        "resolved": "https://registry.npmjs.org/xml-name-validator/-/xml-name-validator-3.0.0.tgz",
        "integrity": "sha512-A5CUptxDsvxKJEU3yO6DuWBSJz/qizqzJKOMIfUJHETbBw/sFaDxgd6fxm1ewUaM0jZ444Fc5vC5ROYurg/4Pw=="
      },
      "node_modules/xmlchars": {
        "version": "2.2.0",
        "resolved": "https://registry.npmjs.org/xmlchars/-/xmlchars-2.2.0.tgz",
        "integrity": "sha512-JZnDKK8B0RCDw84FNdDAIpZK+JuJw+s7Lz8nksI7SIuU3UXJJslUthsi+uWBUYOwPFwW7W7PRLRfUKpxjtjFCw=="
      },
      "node_modules/xtend": {
        "version": "4.0.2",
        "resolved": "https://registry.npmjs.org/xtend/-/xtend-4.0.2.tgz",
        "integrity": "sha512-LKYU1iAXJXUgAXn9URjiu+MWhyUXHsvfp7mcuYm9dSUKK0/CjtrUwFAxD82/mCWbtLsGjFIad0wIsod4zrTAEQ==",
        "engines": {
          "node": ">=0.4"
        }
      },
      "node_modules/y18n": {
        "version": "5.0.8",
        "resolved": "https://registry.npmjs.org/y18n/-/y18n-5.0.8.tgz",
        "integrity": "sha512-0pfFzegeDWJHJIAmTLRP2DwHjdF5s7jo9tuztdQxAhINCdvS+3nGINqPd00AphqJR/0LhANUS6/+7SCb98YOfA==",
        "engines": {
          "node": ">=10"
        }
      },
      "node_modules/yallist": {
        "version": "3.1.1",
        "resolved": "https://registry.npmjs.org/yallist/-/yallist-3.1.1.tgz",
        "integrity": "sha512-a4UGQaWPH59mOXUYnAG2ewncQS4i4F43Tv3JoAM+s2VDAmS9NsK8GpDMLrCHPksFT7h3K6TOoUNn2pb7RoXx4g=="
      },
      "node_modules/yaml": {
        "version": "1.10.2",
        "resolved": "https://registry.npmjs.org/yaml/-/yaml-1.10.2.tgz",
        "integrity": "sha512-r3vXyErRCYJ7wg28yvBY5VSoAF8ZvlcW9/BwUzEtUsjvX/DKs24dIkuwjtuprwJJHsbyUbLApepYTR1BN4uHrg==",
        "engines": {
          "node": ">= 6"
        }
      },
      "node_modules/yargs": {
        "version": "17.6.2",
        "resolved": "https://registry.npmjs.org/yargs/-/yargs-17.6.2.tgz",
        "integrity": "sha512-1/9UrdHjDZc0eOU0HxOHoS78C69UD3JRMvzlJ7S79S2nTaWRA/whGCTV8o9e/N/1Va9YIV7Q4sOxD8VV4pCWOw==",
        "dependencies": {
          "cliui": "^8.0.1",
          "escalade": "^3.1.1",
          "get-caller-file": "^2.0.5",
          "require-directory": "^2.1.1",
          "string-width": "^4.2.3",
          "y18n": "^5.0.5",
          "yargs-parser": "^21.1.1"
        },
        "engines": {
          "node": ">=12"
        }
      },
      "node_modules/yargs-parser": {
        "version": "20.2.9",
        "resolved": "https://registry.npmjs.org/yargs-parser/-/yargs-parser-20.2.9.tgz",
        "integrity": "sha512-y11nGElTIV+CT3Zv9t7VKl+Q3hTQoT9a1Qzezhhl6Rp21gJ/IVTW7Z3y9EWXhuUBC2Shnf+DX0antecpAwSP8w==",
        "engines": {
          "node": ">=10"
        }
      },
      "node_modules/yargs/node_modules/yargs-parser": {
        "version": "21.1.1",
        "resolved": "https://registry.npmjs.org/yargs-parser/-/yargs-parser-21.1.1.tgz",
        "integrity": "sha512-tVpsJW7DdjecAiFpbIB1e3qxIQsE6NoPc5/eTdrbbIC4h0LVsWhnoa3g+m2HclBIujHzsxZ4VJVA+GUuc2/LBw==",
        "engines": {
          "node": ">=12"
        }
      },
      "node_modules/yocto-queue": {
        "version": "0.1.0",
        "resolved": "https://registry.npmjs.org/yocto-queue/-/yocto-queue-0.1.0.tgz",
        "integrity": "sha512-rVksvsnNCdJ/ohGc6xgPwyN8eheCxsiLM8mxuE/t/mOVqJewPuO1miLpTHQiRgTKCLexL4MeAFVagts7HmNZ2Q==",
        "engines": {
          "node": ">=10"
        },
        "funding": {
          "url": "https://github.com/sponsors/sindresorhus"
        }
      }
    }
  }
}

